PODS:
  - descope (0.0.1):
    - Flutter
  - Flutter (1.0.0)
  - flutter_web_auth (0.5.0):
    - Flutter

DEPENDENCIES:
  - descope (from `.symlinks/plugins/descope/ios`)
  - Flutter (from `Flutter`)
  - flutter_web_auth (from `.symlinks/plugins/flutter_web_auth/ios`)

EXTERNAL SOURCES:
  descope:
    :path: ".symlinks/plugins/descope/ios"
  Flutter:
    :path: Flutter
  flutter_web_auth:
    :path: ".symlinks/plugins/flutter_web_auth/ios"

SPEC CHECKSUMS:
  descope: 1813a9de42554bd7c3243ef771d36fcc6420d9a6
  Flutter: f04841e97a9d0b0a8025694d0796dd46242b2854
  flutter_web_auth: c25208760459cec375a3c39f6a8759165ca0fa4d

PODFILE CHECKSUM: a57f30d18f102dd3ce366b1d62a55ecbef2158e5

COCOAPODS: 1.13.0
